
Microsoft Visual Studio Solution File, Format Version 12.00
# Visual Studio Version 17
VisualStudioVersion = 17.4.33213.308
MinimumVisualStudioVersion = 10.0.40219.1
Project("{FAE04EC0-301F-11D3-BF4B-00C04F79EFBC}") = "pyropeGUI", "pyrope-gui\pyropeGUI.csproj", "{AE2BD447-FDFC-415D-8915-283D73B957D3}"
EndProject
Global
	GlobalSection(SolutionConfigurationPlatforms) = preSolution
		Debug|Any CPU = Debug|Any CPU
		Release|Any CPU = Release|Any CPU
	EndGlobalSection
	GlobalSection(ProjectConfigurationPlatforms) = postSolution
		{AE2BD447-FDFC-415D-8915-283D73B957D3}.Debug|Any CPU.ActiveCfg = Debug|Any CPU
		{AE2BD447-FDFC-415D-8915-283D73B957D3}.Debug|Any CPU.Build.0 = Debug|Any CPU
		{AE2BD447-FDFC-415D-8915-283D73B957D3}.Release|Any CPU.ActiveCfg = Release|Any CPU
		{AE2BD447-FDFC-415D-8915-283D73B957D3}.Release|Any CPU.Build.0 = Release|Any CPU
	EndGlobalSection
	GlobalSection(SolutionProperties) = preSolution
		HideSolutionNode = FALSE
	EndGlobalSection
	GlobalSection(ExtensibilityGlobals) = postSolution
		SolutionGuid = {C343EE25-C2B7-4030-A4D0-FE9511A5E250}
	EndGlobalSection
EndGlobal
